
Microsoft Visual Studio Solution File, Format Version 12.00
# Visual Studio Version 17
VisualStudioVersion = 17.12.35707.178
MinimumVisualStudioVersion = 10.0.40219.1
Project("{FAE04EC0-301F-11D3-BF4B-00C04F79EFBC}") = "2025.Services.AuthAPI", "2025.Services.AuthAPI\2025.Services.AuthAPI.csproj", "{73873D9C-E467-4EE1-A611-EB3F7C777D1C}"
EndProject
Project("{FAE04EC0-301F-11D3-BF4B-00C04F79EFBC}") = "2025.Web.TaskManager", "2025.Web.TaskManager\2025.Web.TaskManager.csproj", "{D6CB68D9-DBF9-4619-91DB-3573B7302593}"
EndProject
Global
	GlobalSection(SolutionConfigurationPlatforms) = preSolution
		Debug|Any CPU = Debug|Any CPU
		Release|Any CPU = Release|Any CPU
	EndGlobalSection
	GlobalSection(ProjectConfigurationPlatforms) = postSolution
		{73873D9C-E467-4EE1-A611-EB3F7C777D1C}.Debug|Any CPU.ActiveCfg = Debug|Any CPU
		{73873D9C-E467-4EE1-A611-EB3F7C777D1C}.Debug|Any CPU.Build.0 = Debug|Any CPU
		{73873D9C-E467-4EE1-A611-EB3F7C777D1C}.Release|Any CPU.ActiveCfg = Release|Any CPU
		{73873D9C-E467-4EE1-A611-EB3F7C777D1C}.Release|Any CPU.Build.0 = Release|Any CPU
		{D6CB68D9-DBF9-4619-91DB-3573B7302593}.Debug|Any CPU.ActiveCfg = Debug|Any CPU
		{D6CB68D9-DBF9-4619-91DB-3573B7302593}.Debug|Any CPU.Build.0 = Debug|Any CPU
		{D6CB68D9-DBF9-4619-91DB-3573B7302593}.Release|Any CPU.ActiveCfg = Release|Any CPU
		{D6CB68D9-DBF9-4619-91DB-3573B7302593}.Release|Any CPU.Build.0 = Release|Any CPU
	EndGlobalSection
	GlobalSection(SolutionProperties) = preSolution
		HideSolutionNode = FALSE
	EndGlobalSection
EndGlobal
